
Microsoft Visual Studio Solution File, Format Version 12.00
# Visual Studio 15
VisualStudioVersion = 15.0.26403.7
MinimumVisualStudioVersion = 10.0.40219.1
Project("{FAE04EC0-301F-11D3-BF4B-00C04F79EFBC}") = "DiceStg-OnlineCore", "DiceStg-Online\DiceStg-OnlineCore.csproj", "{B3F646F3-F8FE-40BC-9B14-7309AABFF101}"
EndProject
Project("{FAE04EC0-301F-11D3-BF4B-00C04F79EFBC}") = "DiceStg-OnlineStandAlone", "DiceStg-OnlineStandAlone\DiceStg-OnlineStandAlone.csproj", "{CC211C5A-8F49-4E8B-B3BE-A5A6CF0C6E5B}"
EndProject
Project("{FAE04EC0-301F-11D3-BF4B-00C04F79EFBC}") = "DiceStg-OnlineDxlib", "DiceStg-OnlineDxlib\DiceStg-OnlineDxlib.csproj", "{587AC068-6709-4A03-B516-780286EFF292}"
EndProject
Global
	GlobalSection(SolutionConfigurationPlatforms) = preSolution
		Debug|Any CPU = Debug|Any CPU
		Release|Any CPU = Release|Any CPU
	EndGlobalSection
	GlobalSection(ProjectConfigurationPlatforms) = postSolution
		{B3F646F3-F8FE-40BC-9B14-7309AABFF101}.Debug|Any CPU.ActiveCfg = Debug|Any CPU
		{B3F646F3-F8FE-40BC-9B14-7309AABFF101}.Debug|Any CPU.Build.0 = Debug|Any CPU
		{B3F646F3-F8FE-40BC-9B14-7309AABFF101}.Release|Any CPU.ActiveCfg = Release|Any CPU
		{B3F646F3-F8FE-40BC-9B14-7309AABFF101}.Release|Any CPU.Build.0 = Release|Any CPU
		{CC211C5A-8F49-4E8B-B3BE-A5A6CF0C6E5B}.Debug|Any CPU.ActiveCfg = Debug|Any CPU
		{CC211C5A-8F49-4E8B-B3BE-A5A6CF0C6E5B}.Debug|Any CPU.Build.0 = Debug|Any CPU
		{CC211C5A-8F49-4E8B-B3BE-A5A6CF0C6E5B}.Release|Any CPU.ActiveCfg = Release|Any CPU
		{CC211C5A-8F49-4E8B-B3BE-A5A6CF0C6E5B}.Release|Any CPU.Build.0 = Release|Any CPU
		{587AC068-6709-4A03-B516-780286EFF292}.Debug|Any CPU.ActiveCfg = Debug|Any CPU
		{587AC068-6709-4A03-B516-780286EFF292}.Debug|Any CPU.Build.0 = Debug|Any CPU
		{587AC068-6709-4A03-B516-780286EFF292}.Release|Any CPU.ActiveCfg = Release|Any CPU
		{587AC068-6709-4A03-B516-780286EFF292}.Release|Any CPU.Build.0 = Release|Any CPU
	EndGlobalSection
	GlobalSection(SolutionProperties) = preSolution
		HideSolutionNode = FALSE
	EndGlobalSection
EndGlobal
